{
  "originHash" : "00969c4e379a5125bcde9b65983765e73dce63503dbaee2345fdfe480e306f1e",
  "pins" : [
    {
      "identity" : "swift-docc-plugin",
      "kind" : "remoteSourceControl",
      "location" : "https://github.com/swiftlang/swift-docc-plugin",
      "state" : {
        "revision" : "647c708be89f834fa6a6d4945442793a77ddf5b6",
        "version" : "1.5.0"
      }
    },
    {
      "identity" : "swift-docc-symbolkit",
      "kind" : "remoteSourceControl",
      "location" : "https://github.com/swiftlang/swift-docc-symbolkit",
      "state" : {
        "revision" : "b45d1f2ed151d057b54504d653e0da5552844e34",
        "version" : "1.0.0"
      }
    },
    {
      "identity" : "swift-syntax",
      "kind" : "remoteSourceControl",
      "location" : "https://github.com/swiftlang/swift-syntax",
      "state" : {
        "revision" : "79e4b74a295b6eb74a8b585e3a39d29e70c1dbd1",
        "version" : "603.0.2"
      }
    }
  ],
  "version" : 3
}
